
Microsoft Visual Studio Solution File, Format Version 12.00
# Visual Studio Version 17
VisualStudioVersion = 17.10.35004.147
MinimumVisualStudioVersion = 10.0.40219.1
Project("{FAE04EC0-301F-11D3-BF4B-00C04F79EFBC}") = "Testing-MongoDB", "Testing-MongoDB\Testing-MongoDB.csproj", "{72CDB815-93E8-4F9D-9F11-3794030024B8}"
EndProject
Global
	GlobalSection(SolutionConfigurationPlatforms) = preSolution
		Debug|Any CPU = Debug|Any CPU
		Release|Any CPU = Release|Any CPU
	EndGlobalSection
	GlobalSection(ProjectConfigurationPlatforms) = postSolution
		{72CDB815-93E8-4F9D-9F11-3794030024B8}.Debug|Any CPU.ActiveCfg = Debug|Any CPU
		{72CDB815-93E8-4F9D-9F11-3794030024B8}.Debug|Any CPU.Build.0 = Debug|Any CPU
		{72CDB815-93E8-4F9D-9F11-3794030024B8}.Release|Any CPU.ActiveCfg = Release|Any CPU
		{72CDB815-93E8-4F9D-9F11-3794030024B8}.Release|Any CPU.Build.0 = Release|Any CPU
	EndGlobalSection
	GlobalSection(SolutionProperties) = preSolution
		HideSolutionNode = FALSE
	EndGlobalSection
	GlobalSection(ExtensibilityGlobals) = postSolution
		SolutionGuid = {650BE26A-170D-4A5A-AAD5-FCC0DB7B7F9A}
	EndGlobalSection
EndGlobal
